
Microsoft Visual Studio Solution File, Format Version 12.00
# Visual Studio 2013
VisualStudioVersion = 12.0.21005.1
MinimumVisualStudioVersion = 10.0.40219.1
Project("{FAE04EC0-301F-11D3-BF4B-00C04F79EFBC}") = "Apex.Framework.Core", "Framework\Apex.Framework.Core\Apex.Framework.Core.csproj", "{4EAC28C5-0A56-44C4-830D-2949C60ECC41}"
EndProject
Project("{FAE04EC0-301F-11D3-BF4B-00C04F79EFBC}") = "Apex.Modules.Billing.Data", "Modules\Billing\Apex.Modules.Billing.Data\Apex.Modules.Billing.Data.csproj", "{51F976C3-B94F-45E8-B296-F56369897CB8}"
EndProject
Project("{2150E333-8FDC-42A3-9474-1A3956D46DE8}") = "Modules", "Modules", "{5A5DE353-9E8A-451D-8372-E2D1A58ACBA1}"
EndProject
Project("{2150E333-8FDC-42A3-9474-1A3956D46DE8}") = "Framework", "Framework", "{6B92E964-07E3-4481-9CC4-E3C077F1ADFE}"
EndProject
Project("{2150E333-8FDC-42A3-9474-1A3956D46DE8}") = "Billing", "Billing", "{24E2DC14-E7EE-467A-9652-022F095F4160}"
EndProject
Project("{2150E333-8FDC-42A3-9474-1A3956D46DE8}") = "Apartment", "Apartment", "{8103DBA9-21FC-474D-9DB3-A71151E7D01B}"
EndProject
Project("{FAE04EC0-301F-11D3-BF4B-00C04F79EFBC}") = "Apex.Modules.Apartment.Services", "Modules\Apartment\Apex.Modules.Apartment.Services\Apex.Modules.Apartment.Services.csproj", "{CFE18DAF-C275-4F54-8666-4ADF50D026F1}"
EndProject
Project("{FAE04EC0-301F-11D3-BF4B-00C04F79EFBC}") = "Apex.Modules.Apartment.Data", "Modules\Apartment\Apex.Modules.Apartment.Data\Apex.Modules.Apartment.Data.csproj", "{84009D72-5A60-4630-B9DC-85839828B3CA}"
EndProject
Project("{2150E333-8FDC-42A3-9474-1A3956D46DE8}") = "Hotel", "Hotel", "{D5C8E15D-B9B0-4FC7-9581-3E657BDBDF81}"
EndProject
Project("{FAE04EC0-301F-11D3-BF4B-00C04F79EFBC}") = "Apex.Modules.Hotel.Services", "Modules\Hotel\Apex.Modules.Hotel.Services\Apex.Modules.Hotel.Services.csproj", "{EDCFFAFC-BCCE-4291-8D60-E7A69B897916}"
EndProject
Project("{FAE04EC0-301F-11D3-BF4B-00C04F79EFBC}") = "Apex.Modules.Hotel.Data", "Modules\Hotel\Apex.Modules.Hotel.Data\Apex.Modules.Hotel.Data.csproj", "{F9D0E1E8-1D78-4E23-A86B-ACE305F2498D}"
EndProject
Project("{2150E333-8FDC-42A3-9474-1A3956D46DE8}") = "News", "News", "{812D9BA7-B916-40E7-B22D-269033ABA2F7}"
EndProject
Project("{FAE04EC0-301F-11D3-BF4B-00C04F79EFBC}") = "Apex.Modules.News.Services", "Modules\News\Apex.Modules.News.Services\Apex.Modules.News.Services.csproj", "{B8349BE2-6996-448C-A391-B62F4F0275D0}"
EndProject
Project("{FAE04EC0-301F-11D3-BF4B-00C04F79EFBC}") = "Apex.Modules.News.Data", "Modules\News\Apex.Modules.News.Data\Apex.Modules.News.Data.csproj", "{79D59FBE-AF58-410B-9B39-9195E265B3F0}"
EndProject
Project("{FAE04EC0-301F-11D3-BF4B-00C04F79EFBC}") = "Apex.Web", "Apex.Web\Apex.Web.csproj", "{22150F74-44D7-4C2F-9A3E-1A403080C291}"
EndProject
Project("{FAE04EC0-301F-11D3-BF4B-00C04F79EFBC}") = "Apex.Modules.Billing.Services", "Modules\Billing\Apex.Modules.Billing.Services\Apex.Modules.Billing.Services.csproj", "{CF23FD18-C579-4EC3-B721-DDDE3CB01E1A}"
EndProject
Project("{FAE04EC0-301F-11D3-BF4B-00C04F79EFBC}") = "Apex.Framework.Utilities", "Framework\Apex.Framework.Utilities\Apex.Framework.Utilities.csproj", "{4F08A613-9D6A-4035-BFE0-90F6E531B4AB}"
EndProject
Global
	GlobalSection(SolutionConfigurationPlatforms) = preSolution
		Debug|Any CPU = Debug|Any CPU
		Release|Any CPU = Release|Any CPU
	EndGlobalSection
	GlobalSection(ProjectConfigurationPlatforms) = postSolution
		{4EAC28C5-0A56-44C4-830D-2949C60ECC41}.Debug|Any CPU.ActiveCfg = Debug|Any CPU
		{4EAC28C5-0A56-44C4-830D-2949C60ECC41}.Debug|Any CPU.Build.0 = Debug|Any CPU
		{4EAC28C5-0A56-44C4-830D-2949C60ECC41}.Release|Any CPU.ActiveCfg = Release|Any CPU
		{4EAC28C5-0A56-44C4-830D-2949C60ECC41}.Release|Any CPU.Build.0 = Release|Any CPU
		{51F976C3-B94F-45E8-B296-F56369897CB8}.Debug|Any CPU.ActiveCfg = Debug|Any CPU
		{51F976C3-B94F-45E8-B296-F56369897CB8}.Debug|Any CPU.Build.0 = Debug|Any CPU
		{51F976C3-B94F-45E8-B296-F56369897CB8}.Release|Any CPU.ActiveCfg = Release|Any CPU
		{51F976C3-B94F-45E8-B296-F56369897CB8}.Release|Any CPU.Build.0 = Release|Any CPU
		{CFE18DAF-C275-4F54-8666-4ADF50D026F1}.Debug|Any CPU.ActiveCfg = Debug|Any CPU
		{CFE18DAF-C275-4F54-8666-4ADF50D026F1}.Debug|Any CPU.Build.0 = Debug|Any CPU
		{CFE18DAF-C275-4F54-8666-4ADF50D026F1}.Release|Any CPU.ActiveCfg = Release|Any CPU
		{CFE18DAF-C275-4F54-8666-4ADF50D026F1}.Release|Any CPU.Build.0 = Release|Any CPU
		{84009D72-5A60-4630-B9DC-85839828B3CA}.Debug|Any CPU.ActiveCfg = Debug|Any CPU
		{84009D72-5A60-4630-B9DC-85839828B3CA}.Debug|Any CPU.Build.0 = Debug|Any CPU
		{84009D72-5A60-4630-B9DC-85839828B3CA}.Release|Any CPU.ActiveCfg = Release|Any CPU
		{84009D72-5A60-4630-B9DC-85839828B3CA}.Release|Any CPU.Build.0 = Release|Any CPU
		{EDCFFAFC-BCCE-4291-8D60-E7A69B897916}.Debug|Any CPU.ActiveCfg = Debug|Any CPU
		{EDCFFAFC-BCCE-4291-8D60-E7A69B897916}.Debug|Any CPU.Build.0 = Debug|Any CPU
		{EDCFFAFC-BCCE-4291-8D60-E7A69B897916}.Release|Any CPU.ActiveCfg = Release|Any CPU
		{EDCFFAFC-BCCE-4291-8D60-E7A69B897916}.Release|Any CPU.Build.0 = Release|Any CPU
		{F9D0E1E8-1D78-4E23-A86B-ACE305F2498D}.Debug|Any CPU.ActiveCfg = Debug|Any CPU
		{F9D0E1E8-1D78-4E23-A86B-ACE305F2498D}.Debug|Any CPU.Build.0 = Debug|Any CPU
		{F9D0E1E8-1D78-4E23-A86B-ACE305F2498D}.Release|Any CPU.ActiveCfg = Release|Any CPU
		{F9D0E1E8-1D78-4E23-A86B-ACE305F2498D}.Release|Any CPU.Build.0 = Release|Any CPU
		{B8349BE2-6996-448C-A391-B62F4F0275D0}.Debug|Any CPU.ActiveCfg = Debug|Any CPU
		{B8349BE2-6996-448C-A391-B62F4F0275D0}.Debug|Any CPU.Build.0 = Debug|Any CPU
		{B8349BE2-6996-448C-A391-B62F4F0275D0}.Release|Any CPU.ActiveCfg = Release|Any CPU
		{B8349BE2-6996-448C-A391-B62F4F0275D0}.Release|Any CPU.Build.0 = Release|Any CPU
		{79D59FBE-AF58-410B-9B39-9195E265B3F0}.Debug|Any CPU.ActiveCfg = Debug|Any CPU
		{79D59FBE-AF58-410B-9B39-9195E265B3F0}.Debug|Any CPU.Build.0 = Debug|Any CPU
		{79D59FBE-AF58-410B-9B39-9195E265B3F0}.Release|Any CPU.ActiveCfg = Release|Any CPU
		{79D59FBE-AF58-410B-9B39-9195E265B3F0}.Release|Any CPU.Build.0 = Release|Any CPU
		{22150F74-44D7-4C2F-9A3E-1A403080C291}.Debug|Any CPU.ActiveCfg = Debug|Any CPU
		{22150F74-44D7-4C2F-9A3E-1A403080C291}.Debug|Any CPU.Build.0 = Debug|Any CPU
		{22150F74-44D7-4C2F-9A3E-1A403080C291}.Release|Any CPU.ActiveCfg = Release|Any CPU
		{22150F74-44D7-4C2F-9A3E-1A403080C291}.Release|Any CPU.Build.0 = Release|Any CPU
		{CF23FD18-C579-4EC3-B721-DDDE3CB01E1A}.Debug|Any CPU.ActiveCfg = Debug|Any CPU
		{CF23FD18-C579-4EC3-B721-DDDE3CB01E1A}.Debug|Any CPU.Build.0 = Debug|Any CPU
		{CF23FD18-C579-4EC3-B721-DDDE3CB01E1A}.Release|Any CPU.ActiveCfg = Release|Any CPU
		{CF23FD18-C579-4EC3-B721-DDDE3CB01E1A}.Release|Any CPU.Build.0 = Release|Any CPU
		{4F08A613-9D6A-4035-BFE0-90F6E531B4AB}.Debug|Any CPU.ActiveCfg = Debug|Any CPU
		{4F08A613-9D6A-4035-BFE0-90F6E531B4AB}.Debug|Any CPU.Build.0 = Debug|Any CPU
		{4F08A613-9D6A-4035-BFE0-90F6E531B4AB}.Release|Any CPU.ActiveCfg = Release|Any CPU
		{4F08A613-9D6A-4035-BFE0-90F6E531B4AB}.Release|Any CPU.Build.0 = Release|Any CPU
	EndGlobalSection
	GlobalSection(SolutionProperties) = preSolution
		HideSolutionNode = FALSE
	EndGlobalSection
	GlobalSection(NestedProjects) = preSolution
		{24E2DC14-E7EE-467A-9652-022F095F4160} = {5A5DE353-9E8A-451D-8372-E2D1A58ACBA1}
		{8103DBA9-21FC-474D-9DB3-A71151E7D01B} = {5A5DE353-9E8A-451D-8372-E2D1A58ACBA1}
		{D5C8E15D-B9B0-4FC7-9581-3E657BDBDF81} = {5A5DE353-9E8A-451D-8372-E2D1A58ACBA1}
		{812D9BA7-B916-40E7-B22D-269033ABA2F7} = {5A5DE353-9E8A-451D-8372-E2D1A58ACBA1}
		{4EAC28C5-0A56-44C4-830D-2949C60ECC41} = {6B92E964-07E3-4481-9CC4-E3C077F1ADFE}
		{4F08A613-9D6A-4035-BFE0-90F6E531B4AB} = {6B92E964-07E3-4481-9CC4-E3C077F1ADFE}
		{51F976C3-B94F-45E8-B296-F56369897CB8} = {24E2DC14-E7EE-467A-9652-022F095F4160}
		{CF23FD18-C579-4EC3-B721-DDDE3CB01E1A} = {24E2DC14-E7EE-467A-9652-022F095F4160}
		{CFE18DAF-C275-4F54-8666-4ADF50D026F1} = {8103DBA9-21FC-474D-9DB3-A71151E7D01B}
		{84009D72-5A60-4630-B9DC-85839828B3CA} = {8103DBA9-21FC-474D-9DB3-A71151E7D01B}
		{EDCFFAFC-BCCE-4291-8D60-E7A69B897916} = {D5C8E15D-B9B0-4FC7-9581-3E657BDBDF81}
		{F9D0E1E8-1D78-4E23-A86B-ACE305F2498D} = {D5C8E15D-B9B0-4FC7-9581-3E657BDBDF81}
		{B8349BE2-6996-448C-A391-B62F4F0275D0} = {812D9BA7-B916-40E7-B22D-269033ABA2F7}
		{79D59FBE-AF58-410B-9B39-9195E265B3F0} = {812D9BA7-B916-40E7-B22D-269033ABA2F7}
	EndGlobalSection
EndGlobal
